// !$*UTF8*$!
{
	archiveVersion = 1;
	classes = {
	};
	objectVersion = 48;
	objects = {

/* Begin PBXBuildFile section */
		F595DDCC20909FEB00C5FB82 /* AppDelegate.swift in Sources */ = {isa = PBXBuildFile; fileRef = F595DDCB20909FEB00C5FB82 /* AppDelegate.swift */; };
		F595DDCE20909FEB00C5FB82 /* ViewController.swift in Sources */ = {isa = PBXBuildFile; fileRef = F595DDCD20909FEB00C5FB82 /* ViewController.swift */; };
		F595DDD120909FEB00C5FB82 /* Main.storyboard in Resources */ = {isa = PBXBuildFile; fileRef = F595DDCF20909FEB00C5FB82 /* Main.storyboard */; };
		F595DDD320909FEB00C5FB82 /* Assets.xcassets in Resources */ = {isa = PBXBuildFile; fileRef = F595DDD220909FEB00C5FB82 /* Assets.xcassets */; };
		F595DDD620909FEB00C5FB82 /* LaunchScreen.storyboard in Resources */ = {isa = PBXBuildFile; fileRef = F595DDD420909FEB00C5FB82 /* LaunchScreen.storyboard */; };
/* End PBXBuildFile section */

/* Begin PBXFileReference section */
		F595DDC820909FEB00C5FB82 /* News Blog.app */ = {isa = PBXFileReference; explicitFileType = wrapper.application; includeInIndex = 0; path = "News Blog.app"; sourceTree = BUILT_PRODUCTS_DIR; };
		F595DDCB20909FEB00C5FB82 /* AppDelegate.swift */ = {isa = PBXFileReference; lastKnownFileType = sourcecode.swift; path = AppDelegate.swift; sourceTree = "<group>"; };
		F595DDCD20909FEB00C5FB82 /* ViewController.swift */ = {isa = PBXFileReference; lastKnownFileType = sourcecode.swift; path = ViewController.swift; sourceTree = "<group>"; };
		F595DDD020909FEB00C5FB82 /* Base */ = {isa = PBXFileReference; lastKnownFileType = file.storyboard; name = Base; path = Base.lproj/Main.storyboard; sourceTree = "<group>"; };
		F595DDD220909FEB00C5FB82 /* Assets.xcassets */ = {isa = PBXFileReference; lastKnownFileType = folder.assetcatalog; path = Assets.xcassets; sourceTree = "<group>"; };
		F595DDD520909FEB00C5FB82 /* Base */ = {isa = PBXFileReference; lastKnownFileType = file.storyboard; name = Base; path = Base.lproj/LaunchScreen.storyboard; sourceTree = "<group>"; };
		F595DDD720909FEB00C5FB82 /* Info.plist */ = {isa = PBXFileReference; lastKnownFileType = text.plist.xml; path = Info.plist; sourceTree = "<group>"; };
/* End PBXFileReference section */

/* Begin PBXFrameworksBuildPhase section */
		F595DDC520909FEB00C5FB82 /* Frameworks */ = {
			isa = PBXFrameworksBuildPhase;
			buildActionMask = 2147483647;
			files = (
			);
			runOnlyForDeploymentPostprocessing = 0;
		};
/* End PBXFrameworksBuildPhase section */

/* Begin PBXGroup section */
		F595DDBF20909FEB00C5FB82 = {
			isa = PBXGroup;
			children = (
				F595DDCA20909FEB00C5FB82 /* News Blog */,
				F595DDC920909FEB00C5FB82 /* Products */,
			);
			sourceTree = "<group>";
		};
		F595DDC920909FEB00C5FB82 /* Products */ = {
			isa = PBXGroup;
			children = (
				F595DDC820909FEB00C5FB82 /* News Blog.app */,
			);
			name = Products;
			sourceTree = "<group>";
		};
		F595DDCA20909FEB00C5FB82 /* News Blog */ = {
			isa = PBXGroup;
			children = (
				F595DDCB20909FEB00C5FB82 /* AppDelegate.swift */,
				F595DDCD20909FEB00C5FB82 /* ViewController.swift */,
				F595DDCF20909FEB00C5FB82 /* Main.storyboard */,
				F595DDD220909FEB00C5FB82 /* Assets.xcassets */,
				F595DDD420909FEB00C5FB82 /* LaunchScreen.storyboard */,
				F595DDD720909FEB00C5FB82 /* Info.plist */,
			);
			path = "News Blog";
			sourceTree = "<group>";
		};
/* End PBXGroup section */

/* Begin PBXNativeTarget section */
		F595DDC720909FEB00C5FB82 /* News Blog */ = {
			isa = PBXNativeTarget;
			buildConfigurationList = F595DDDA20909FEB00C5FB82 /* Build configuration list for PBXNativeTarget "News Blog" */;
			buildPhases = (
				F595DDC420909FEB00C5FB82 /* Sources */,
				F595DDC520909FEB00C5FB82 /* Frameworks */,
				F595DDC620909FEB00C5FB82 /* Resources */,
			);
			buildRules = (
			);
			dependencies = (
			);
			name = "News Blog";
			productName = "News Blog";
			productReference = F595DDC820909FEB00C5FB82 /* News Blog.app */;
			productType = "com.apple.product-type.application";
		};
/* End PBXNativeTarget section */

/* Begin PBXProject section */
		F595DDC020909FEB00C5FB82 /* Project object */ = {
			isa = PBXProject;
			attributes = {
				LastSwiftUpdateCheck = 0920;
				LastUpgradeCheck = 0920;
				ORGANIZATIONNAME = "MySoftheaven BD";
				TargetAttributes = {
					F595DDC720909FEB00C5FB82 = {
						CreatedOnToolsVersion = 9.2;
						ProvisioningStyle = Automatic;
					};
				};
			};
			buildConfigurationList = F595DDC320909FEB00C5FB82 /* Build configuration list for PBXProject "News Blog" */;
			compatibilityVersion = "Xcode 8.0";
			developmentRegion = en;
			hasScannedForEncodings = 0;
			knownRegions = (
				en,
				Base,
			);
			mainGroup = F595DDBF20909FEB00C5FB82;
			productRefGroup = F595DDC920909FEB00C5FB82 /* Products */;
			projectDirPath = "";
			projectRoot = "";
			targets = (
				F595DDC720909FEB00C5FB82 /* News Blog */,
			);
		};
/* End PBXProject section */

/* Begin PBXResourcesBuildPhase section */
		F595DDC620909FEB00C5FB82 /* Resources */ = {
			isa = PBXResourcesBuildPhase;
			buildActionMask = 2147483647;
			files = (
				F595DDD620909FEB00C5FB82 /* LaunchScreen.storyboard in Resources */,
				F595DDD320909FEB00C5FB82 /* Assets.xcassets in Resources */,
				F595DDD120909FEB00C5FB82 /* Main.storyboard in Resources */,
			);
			runOnlyForDeploymentPostprocessing = 0;
		};
/* End PBXResourcesBuildPhase section */

/* Begin PBXSourcesBuildPhase section */
		F595DDC420909FEB00C5FB82 /* Sources */ = {
			isa = PBXSourcesBuildPhase;
			buildActionMask = 2147483647;
			files = (
				F595DDCE20909FEB00C5FB82 /* ViewController.swift in Sources */,
				F595DDCC20909FEB00C5FB82 /* AppDelegate.swift in Sources */,
			);
			runOnlyForDeploymentPostprocessing = 0;
		};
/* End PBXSourcesBuildPhase section */

/* Begin PBXVariantGroup section */
		F595DDCF20909FEB00C5FB82 /* Main.storyboard */ = {
			isa = PBXVariantGroup;
			children = (
				F595DDD020909FEB00C5FB82 /* Base */,
			);
			name = Main.storyboard;
			sourceTree = "<group>";
		};
		F595DDD420909FEB00C5FB82 /* LaunchScreen.storyboard */ = {
			isa = PBXVariantGroup;
			children = (
				F595DDD520909FEB00C5FB82 /* Base */,
			);
			name = LaunchScreen.storyboard;
			sourceTree = "<group>";
		};
/* End PBXVariantGroup section */

/* Begin XCBuildConfiguration section */
		F595DDD820909FEB00C5FB82 /* Debug */ = {
			isa = XCBuildConfiguration;
			buildSettings = {
				ALWAYS_SEARCH_USER_PATHS = NO;
				CLANG_ANALYZER_NONNULL = YES;
				CLANG_ANALYZER_NUMBER_OBJECT_CONVERSION = YES_AGGRESSIVE;
				CLANG_CXX_LANGUAGE_STANDARD = "gnu++14";
				CLANG_CXX_LIBRARY = "libc++";
				CLANG_ENABLE_MODULES = YES;
				CLANG_ENABLE_OBJC_ARC = YES;
				CLANG_WARN_BLOCK_CAPTURE_AUTORELEASING = YES;
				CLANG_WARN_BOOL_CONVERSION = YES;
				CLANG_WARN_COMMA = YES;
				CLANG_WARN_CONSTANT_CONVERSION = YES;
				CLANG_WARN_DIRECT_OBJC_ISA_USAGE = YES_ERROR;
				CLANG_WARN_DOCUMENTATION_COMMENTS = YES;
				CLANG_WARN_EMPTY_BODY = YES;
				CLANG_WARN_ENUM_CONVERSION = YES;
				CLANG_WARN_INFINITE_RECURSION = YES;
				CLANG_WARN_INT_CONVERSION = YES;
				CLANG_WARN_NON_LITERAL_NULL_CONVERSION = YES;
				CLANG_WARN_OBJC_LITERAL_CONVERSION = YES;
				CLANG_WARN_OBJC_ROOT_CLASS = YES_ERROR;
				CLANG_WARN_RANGE_LOOP_ANALYSIS = YES;
				CLANG_WARN_STRICT_PROTOTYPES = YES;
				CLANG_WARN_SUSPICIOUS_MOVE = YES;
				CLANG_WARN_UNGUARDED_AVAILABILITY = YES_AGGRESSIVE;
				CLANG_WARN_UNREACHABLE_CODE = YES;
				CLANG_WARN__DUPLICATE_METHOD_MATCH = YES;
				CODE_SIGN_IDENTITY = "iPhone Developer";
				COPY_PHASE_STRIP = NO;
				DEBUG_INFORMATION_FORMAT = dwarf;
				ENABLE_STRICT_OBJC_MSGSEND = YES;
				ENABLE_TESTABILITY = YES;
				GCC_C_LANGUAGE_STANDARD = gnu11;
				GCC_DYNAMIC_NO_PIC = NO;
				GCC_NO_COMMON_BLOCKS = YES;
				GCC_OPTIMIZATION_LEVEL = 0;
				GCC_PREPROCESSOR_DEFINITIONS = (
					"DEBUG=1",
					"$(inherited)",
				);
				GCC_WARN_64_TO_32_BIT_CONVERSION = YES;
				GCC_WARN_ABOUT_RETURN_TYPE = YES_ERROR;
				GCC_WARN_UNDECLARED_SELECTOR = YES;
				GCC_WARN_UNINITIALIZED_AUTOS = YES_AGGRESSIVE;
				GCC_WARN_UNUSED_FUNCTION = YES;
				GCC_WARN_UNUSED_VARIABLE = YES;
				IPHONEOS_DEPLOYMENT_TARGET = 11.2;
				MTL_ENABLE_DEBUG_INFO = YES;
				ONLY_ACTIVE_ARCH = YES;
				SDKROOT = iphoneos;
				SWIFT_ACTIVE_COMPILATION_CONDITIONS = DEBUG;
				SWIFT_OPTIMIZATION_LEVEL = "-Onone";
			};
			name = Debug;
		};
		F595DDD920909FEB00C5FB82 /* Release */ = {
			isa = XCBuildConfiguration;
			buildSettings = {
				ALWAYS_SEARCH_USER_PATHS = NO;
				CLANG_ANALYZER_NONNULL = YES;
				CLANG_ANALYZER_NUMBER_OBJECT_CONVERSION = YES_AGGRESSIVE;
				CLANG_CXX_LANGUAGE_STANDARD = "gnu++14";
				CLANG_CXX_LIBRARY = "libc++";
				CLANG_ENABLE_MODULES = YES;
				CLANG_ENABLE_OBJC_ARC = YES;
				CLANG_WARN_BLOCK_CAPTURE_AUTORELEASING = YES;
				CLANG_WARN_BOOL_CONVERSION = YES;
				CLANG_WARN_COMMA = YES;
				CLANG_WARN_CONSTANT_CONVERSION = YES;
				CLANG_WARN_DIRECT_OBJC_ISA_USAGE = YES_ERROR;
				CLANG_WARN_DOCUMENTATION_COMMENTS = YES;
				CLANG_WARN_EMPTY_BODY = YES;
				CLANG_WARN_ENUM_CONVERSION = YES;
				CLANG_WARN_INFINITE_RECURSION = YES;
				CLANG_WARN_INT_CONVERSION = YES;
				CLANG_WARN_NON_LITERAL_NULL_CONVERSION = YES;
				CLANG_WARN_OBJC_LITERAL_CONVERSION = YES;
				CLANG_WARN_OBJC_ROOT_CLASS = YES_ERROR;
				CLANG_WARN_RANGE_LOOP_ANALYSIS = YES;
				CLANG_WARN_STRICT_PROTOTYPES = YES;
				CLANG_WARN_SUSPICIOUS_MOVE = YES;
				CLANG_WARN_UNGUARDED_AVAILABILITY = YES_AGGRESSIVE;
				CLANG_WARN_UNREACHABLE_CODE = YES;
				CLANG_WARN__DUPLICATE_METHOD_MATCH = YES;
				CODE_SIGN_IDENTITY = "iPhone Developer";
				COPY_PHASE_STRIP = NO;
				DEBUG_INFORMATION_FORMAT = "dwarf-with-dsym";
				ENABLE_NS_ASSERTIONS = NO;
				ENABLE_STRICT_OBJC_MSGSEND = YES;
				GCC_C_LANGUAGE_STANDARD = gnu11;
				GCC_NO_COMMON_BLOCKS = YES;
				GCC_WARN_64_TO_32_BIT_CONVERSION = YES;
				GCC_WARN_ABOUT_RETURN_TYPE = YES_ERROR;
				GCC_WARN_UNDECLARED_SELECTOR = YES;
				GCC_WARN_UNINITIALIZED_AUTOS = YES_AGGRESSIVE;
				GCC_WARN_UNUSED_FUNCTION = YES;
				GCC_WARN_UNUSED_VARIABLE = YES;
				IPHONEOS_DEPLOYMENT_TARGET = 11.2;
				MTL_ENABLE_DEBUG_INFO = NO;
				SDKROOT = iphoneos;
				SWIFT_OPTIMIZATION_LEVEL = "-Owholemodule";
				VALIDATE_PRODUCT = YES;
			};
			name = Release;
		};
		F595DDDB20909FEB00C5FB82 /* Debug */ = {
			isa = XCBuildConfiguration;
			buildSettings = {
				ASSETCATALOG_COMPILER_APPICON_NAME = AppIcon;
				CODE_SIGN_STYLE = Automatic;
				DEVELOPMENT_TEAM = 7R2BTF5QDD;
				INFOPLIST_FILE = "News Blog/Info.plist";
				LD_RUNPATH_SEARCH_PATHS = "$(inherited) @executable_path/Frameworks";
				PRODUCT_BUNDLE_IDENTIFIER = "com.mysoftheavenbd.News-Blog";
				PRODUCT_NAME = "$(TARGET_NAME)";
				SWIFT_VERSION = 4.0;
				TARGETED_DEVICE_FAMILY = "1,2";
			};
			name = Debug;
		};
		F595DDDC20909FEB00C5FB82 /* Release */ = {
			isa = XCBuildConfiguration;
			buildSettings = {
				ASSETCATALOG_COMPILER_APPICON_NAME = AppIcon;
				CODE_SIGN_STYLE = Automatic;
				DEVELOPMENT_TEAM = 7R2BTF5QDD;
				INFOPLIST_FILE = "News Blog/Info.plist";
				LD_RUNPATH_SEARCH_PATHS = "$(inherited) @executable_path/Frameworks";
				PRODUCT_BUNDLE_IDENTIFIER = "com.mysoftheavenbd.News-Blog";
				PRODUCT_NAME = "$(TARGET_NAME)";
				SWIFT_VERSION = 4.0;
				TARGETED_DEVICE_FAMILY = "1,2";
			};
			name = Release;
		};
/* End XCBuildConfiguration section */

/* Begin XCConfigurationList section */
		F595DDC320909FEB00C5FB82 /* Build configuration list for PBXProject "News Blog" */ = {
			isa = XCConfigurationList;
			buildConfigurations = (
				F595DDD820909FEB00C5FB82 /* Debug */,
				F595DDD920909FEB00C5FB82 /* Release */,
			);
			defaultConfigurationIsVisible = 0;
			defaultConfigurationName = Release;
		};
		F595DDDA20909FEB00C5FB82 /* Build configuration list for PBXNativeTarget "News Blog" */ = {
			isa = XCConfigurationList;
			buildConfigurations = (
				F595DDDB20909FEB00C5FB82 /* Debug */,
				F595DDDC20909FEB00C5FB82 /* Release */,
			);
			defaultConfigurationIsVisible = 0;
			defaultConfigurationName = Release;
		};
/* End XCConfigurationList section */
	};
	rootObject = F595DDC020909FEB00C5FB82 /* Project object */;
}
